{
  "name": "dh-reporting-mobile",
  "lockfileVersion": 3,
  "requires": true,
  "packages": {
    "": {
      "dependencies": {
        "dh-reporting-shared": "file:../dh-reporting-shared"
      }
    },
    "../dh-reporting-shared": {
      "version": "1.0.0",
      "license": "ISC"
    },
    "node_modules/dh-reporting-shared": {
      "resolved": "../dh-reporting-shared",
      "link": true
    }
  }
}
